{
  "name": "django-location-field",
  "lockfileVersion": 2,
  "requires": true,
  "packages": {
    "": {
      "dependencies": {
        "leaflet-geosearch": "^3.7.0"
      }
    },
    "node_modules/@googlemaps/js-api-loader": {
      "version": "1.15.1",
      "resolved": "https://registry.npmjs.org/@googlemaps/js-api-loader/-/js-api-loader-1.15.1.tgz",
      "integrity": "sha512-AsnEgNsB7S/VdrHGEQUaUM2e5tmjFGKBAfzR/AqO8O7TPq/jQGvoRw5liPBw4EMF38RDsHmKDV89q/X+qiUREQ==",
      "optional": true,
      "dependencies": {
        "fast-deep-equal": "^3.1.3"
      }
    },
    "node_modules/fast-deep-equal": {
      "version": "3.1.3",
      "resolved": "https://registry.npmjs.org/fast-deep-equal/-/fast-deep-equal-3.1.3.tgz",
      "integrity": "sha512-f3qQ9oQy9j2AhBe/H9VC91wLmKBCCU/gDOnKNAYG5hswO7BLKj09Hc5HYNz9cGI++xlpDCIgDaitVs03ATR84Q==",
      "optional": true
    },
    "node_modules/leaflet": {
      "version": "1.9.3",
      "resolved": "https://registry.npmjs.org/leaflet/-/leaflet-1.9.3.tgz",
      "integrity": "sha512-iB2cR9vAkDOu5l3HAay2obcUHZ7xwUBBjph8+PGtmW/2lYhbLizWtG7nTeYht36WfOslixQF9D/uSIzhZgGMfQ==",
      "optional": true
    },
    "node_modules/leaflet-geosearch": {
      "version": "3.7.0",
      "resolved": "https://registry.npmjs.org/leaflet-geosearch/-/leaflet-geosearch-3.7.0.tgz",
      "integrity": "sha512-pvDiBc+gnl0eCazT8Ls88cbCQN6NVFoYYqlK6wtQFxObkNlzlj1p919XKuhKJwrLQiF97GxY8pny5mcV9kCe6g==",
      "optionalDependencies": {
        "@googlemaps/js-api-loader": "^1.14.3",
        "leaflet": "^1.6.0"
      }
    }
  },
  "dependencies": {
    "@googlemaps/js-api-loader": {
      "version": "1.15.1",
      "resolved": "https://registry.npmjs.org/@googlemaps/js-api-loader/-/js-api-loader-1.15.1.tgz",
      "integrity": "sha512-AsnEgNsB7S/VdrHGEQUaUM2e5tmjFGKBAfzR/AqO8O7TPq/jQGvoRw5liPBw4EMF38RDsHmKDV89q/X+qiUREQ==",
      "optional": true,
      "requires": {
        "fast-deep-equal": "^3.1.3"
      }
    },
    "fast-deep-equal": {
      "version": "3.1.3",
      "resolved": "https://registry.npmjs.org/fast-deep-equal/-/fast-deep-equal-3.1.3.tgz",
      "integrity": "sha512-f3qQ9oQy9j2AhBe/H9VC91wLmKBCCU/gDOnKNAYG5hswO7BLKj09Hc5HYNz9cGI++xlpDCIgDaitVs03ATR84Q==",
      "optional": true
    },
    "leaflet": {
      "version": "1.9.3",
      "resolved": "https://registry.npmjs.org/leaflet/-/leaflet-1.9.3.tgz",
      "integrity": "sha512-iB2cR9vAkDOu5l3HAay2obcUHZ7xwUBBjph8+PGtmW/2lYhbLizWtG7nTeYht36WfOslixQF9D/uSIzhZgGMfQ==",
      "optional": true
    },
    "leaflet-geosearch": {
      "version": "3.7.0",
      "resolved": "https://registry.npmjs.org/leaflet-geosearch/-/leaflet-geosearch-3.7.0.tgz",
      "integrity": "sha512-pvDiBc+gnl0eCazT8Ls88cbCQN6NVFoYYqlK6wtQFxObkNlzlj1p919XKuhKJwrLQiF97GxY8pny5mcV9kCe6g==",
      "requires": {
        "@googlemaps/js-api-loader": "^1.14.3",
        "leaflet": "^1.6.0"
      }
    }
  }
}
